
Microsoft Visual Studio Solution File, Format Version 12.00
# Visual Studio Version 16
VisualStudioVersion = 16.0.31729.503
MinimumVisualStudioVersion = 10.0.40219.1
Project("{FAE04EC0-301F-11D3-BF4B-00C04F79EFBC}") = "Food_Like", "Food_Like\Food_Like.csproj", "{36D344F4-A87C-4832-AABA-AA657045177A}"
EndProject
Global
	GlobalSection(SolutionConfigurationPlatforms) = preSolution
		Debug|Any CPU = Debug|Any CPU
		Release|Any CPU = Release|Any CPU
	EndGlobalSection
	GlobalSection(ProjectConfigurationPlatforms) = postSolution
		{36D344F4-A87C-4832-AABA-AA657045177A}.Debug|Any CPU.ActiveCfg = Debug|Any CPU
		{36D344F4-A87C-4832-AABA-AA657045177A}.Debug|Any CPU.Build.0 = Debug|Any CPU
		{36D344F4-A87C-4832-AABA-AA657045177A}.Release|Any CPU.ActiveCfg = Release|Any CPU
		{36D344F4-A87C-4832-AABA-AA657045177A}.Release|Any CPU.Build.0 = Release|Any CPU
	EndGlobalSection
	GlobalSection(SolutionProperties) = preSolution
		HideSolutionNode = FALSE
	EndGlobalSection
	GlobalSection(ExtensibilityGlobals) = postSolution
		SolutionGuid = {4595B510-2629-40DB-8112-677FAB62A5A3}
	EndGlobalSection
EndGlobal
