
Microsoft Visual Studio Solution File, Format Version 12.00
# Visual Studio Version 16
VisualStudioVersion = 16.0.31729.503
MinimumVisualStudioVersion = 10.0.40219.1
Project("{FAE04EC0-301F-11D3-BF4B-00C04F79EFBC}") = "Food_Like.Server", "Food_Like\Server\Food_Like.Server.csproj", "{D2850DCE-F3E5-45CD-A4AE-2BAA0FE74003}"
EndProject
Project("{FAE04EC0-301F-11D3-BF4B-00C04F79EFBC}") = "Food_Like.Client", "Food_Like\Client\Food_Like.Client.csproj", "{0D2DDA8B-38FB-4687-AE7D-431FC60B9534}"
EndProject
Project("{FAE04EC0-301F-11D3-BF4B-00C04F79EFBC}") = "Food_Like.Shared", "Food_Like\Shared\Food_Like.Shared.csproj", "{CF989B06-B1B5-46C9-9F0B-4F3D6B6EBEED}"
EndProject
Global
	GlobalSection(SolutionConfigurationPlatforms) = preSolution
		Debug|Any CPU = Debug|Any CPU
		Release|Any CPU = Release|Any CPU
	EndGlobalSection
	GlobalSection(ProjectConfigurationPlatforms) = postSolution
		{D2850DCE-F3E5-45CD-A4AE-2BAA0FE74003}.Debug|Any CPU.ActiveCfg = Debug|Any CPU
		{D2850DCE-F3E5-45CD-A4AE-2BAA0FE74003}.Debug|Any CPU.Build.0 = Debug|Any CPU
		{D2850DCE-F3E5-45CD-A4AE-2BAA0FE74003}.Release|Any CPU.ActiveCfg = Release|Any CPU
		{D2850DCE-F3E5-45CD-A4AE-2BAA0FE74003}.Release|Any CPU.Build.0 = Release|Any CPU
		{0D2DDA8B-38FB-4687-AE7D-431FC60B9534}.Debug|Any CPU.ActiveCfg = Debug|Any CPU
		{0D2DDA8B-38FB-4687-AE7D-431FC60B9534}.Debug|Any CPU.Build.0 = Debug|Any CPU
		{0D2DDA8B-38FB-4687-AE7D-431FC60B9534}.Release|Any CPU.ActiveCfg = Release|Any CPU
		{0D2DDA8B-38FB-4687-AE7D-431FC60B9534}.Release|Any CPU.Build.0 = Release|Any CPU
		{CF989B06-B1B5-46C9-9F0B-4F3D6B6EBEED}.Debug|Any CPU.ActiveCfg = Debug|Any CPU
		{CF989B06-B1B5-46C9-9F0B-4F3D6B6EBEED}.Debug|Any CPU.Build.0 = Debug|Any CPU
		{CF989B06-B1B5-46C9-9F0B-4F3D6B6EBEED}.Release|Any CPU.ActiveCfg = Release|Any CPU
		{CF989B06-B1B5-46C9-9F0B-4F3D6B6EBEED}.Release|Any CPU.Build.0 = Release|Any CPU
	EndGlobalSection
	GlobalSection(SolutionProperties) = preSolution
		HideSolutionNode = FALSE
	EndGlobalSection
	GlobalSection(ExtensibilityGlobals) = postSolution
		SolutionGuid = {15BEB17E-D84F-4ADC-AC02-969347991C84}
	EndGlobalSection
EndGlobal
